{
  "originHash" : "3d5b89f89db1b3dd90c19041f1ac98ad2ab48574ec8f68378d9cfff2f4976450",
  "pins" : [
    {
      "identity" : "capture-ios",
      "kind" : "remoteSourceControl",
      "location" : "https://github.com/bitdriftlabs/capture-ios",
      "state" : {
        "revision" : "04e84e5257fc3b3e37d7a4fa40d2daa1cfb34ee4",
        "version" : "0.22.16"
      }
    },
    {
      "identity" : "cocoalumberjack",
      "kind" : "remoteSourceControl",
      "location" : "https://github.com/CocoaLumberjack/CocoaLumberjack.git",
      "state" : {
        "revision" : "c5f2ed4d219866117e135cf648180dc7b66739d3",
        "version" : "3.9.1"
      }
    },
    {
      "identity" : "swift-log",
      "kind" : "remoteSourceControl",
      "location" : "https://github.com/apple/swift-log",
      "state" : {
        "revision" : "5073617dac96330a486245e4c0179cb0a6fd2256",
        "version" : "1.12.0"
      }
    },
    {
      "identity" : "swiftybeaver",
      "kind" : "remoteSourceControl",
      "location" : "https://github.com/SwiftyBeaver/SwiftyBeaver.git",
      "state" : {
        "revision" : "8cba041db09596183331d123f337d0eb2e6e8e91",
        "version" : "2.1.1"
      }
    }
  ],
  "version" : 3
}
